# THIS IS AN AUTOGENERATED FILE. DO NOT EDIT THIS FILE DIRECTLY.
# yarn lockfile v1


"@babel/runtime@^7.21.0":
  version "7.28.6"
  resolved "https://registry.npmjs.org/@babel/runtime/-/runtime-7.28.6.tgz"
  integrity sha512-05WQkdpL9COIMz4LjTxGpPNCdlpyimKppYNoJ5Di5EUObifl8t4tuLuUBBZEpoLYOmfvIWrsp9fCl0HoPRVTdA==

"@esbuild/win32-x64@0.27.2":
  version "0.27.2"
  resolved "https://registry.npmjs.org/@esbuild/win32-x64/-/win32-x64-0.27.2.tgz"
  integrity sha512-sRdU18mcKf7F+YgheI/zGf5alZatMUTKj/jNS6l744f9u3WFu4v7twcUI9vu4mknF4Y9aDlblIie0IM+5xxaqQ==

"@firebase/ai@2.7.0":
  version "2.7.0"
  resolved "https://registry.npmjs.org/@firebase/ai/-/ai-2.7.0.tgz"
  integrity sha512-PwpCz+TtAMWICM7uQNO0mkSPpUKwrMV4NSwHkbVKDvPKoaQmSlO96vIz+Suw2Ao1EaUUsxYb5LGImHWt/fSnRQ==
  dependencies:
    "@firebase/app-check-interop-types" "0.3.3"
    "@firebase/component" "0.7.0"
    "@firebase/logger" "0.5.0"
    "@firebase/util" "1.13.0"
    tslib "^2.1.0"

"@firebase/analytics-compat@0.2.25":
  version "0.2.25"
  resolved "https://registry.npmjs.org/@firebase/analytics-compat/-/analytics-compat-0.2.25.tgz"
  integrity sha512-fdzoaG0BEKbqksRDhmf4JoyZf16Wosrl0Y7tbZtJyVDOOwziE0vrFjmZuTdviL0yhak+Nco6rMsUUbkbD+qb6Q==
  dependencies:
    "@firebase/analytics" "0.10.19"
    "@firebase/analytics-types" "0.8.3"
    "@firebase/component" "0.7.0"
    "@firebase/util" "1.13.0"
    tslib "^2.1.0"

"@firebase/analytics-types@0.8.3":
  version "0.8.3"
  resolved "https://registry.npmjs.org/@firebase/analytics-types/-/analytics-types-0.8.3.tgz"
  integrity sha512-VrIp/d8iq2g501qO46uGz3hjbDb8xzYMrbu8Tp0ovzIzrvJZ2fvmj649gTjge/b7cCCcjT0H37g1gVtlNhnkbg==

"@firebase/analytics@0.10.19":
  version "0.10.19"
  resolved "https://registry.npmjs.org/@firebase/analytics/-/analytics-0.10.19.tgz"
  integrity sha512-3wU676fh60gaiVYQEEXsbGS4HbF2XsiBphyvvqDbtC1U4/dO4coshbYktcCHq+HFaGIK07iHOh4pME0hEq1fcg==
  dependencies:
    "@firebase/component" "0.7.0"
    "@firebase/installations" "0.6.19"
    "@firebase/logger" "0.5.0"
    "@firebase/util" "1.13.0"
    tslib "^2.1.0"

"@firebase/app-check-compat@0.4.0":
  version "0.4.0"
  resolved "https://registry.npmjs.org/@firebase/app-check-compat/-/app-check-compat-0.4.0.tgz"
  integrity sha512-UfK2Q8RJNjYM/8MFORltZRG9lJj11k0nW84rrffiKvcJxLf1jf6IEjCIkCamykHE73C6BwqhVfhIBs69GXQV0g==
  dependencies:
    "@firebase/app-check" "0.11.0"
    "@firebase/app-check-types" "0.5.3"
    "@firebase/component" "0.7.0"
    "@firebase/logger" "0.5.0"
    "@firebase/util" "1.13.0"
    tslib "^2.1.0"

"@firebase/app-check-interop-types@0.3.3":
  version "0.3.3"
  resolved "https://registry.npmjs.org/@firebase/app-check-interop-types/-/app-check-interop-types-0.3.3.tgz"
  integrity sha512-gAlxfPLT2j8bTI/qfe3ahl2I2YcBQ8cFIBdhAQA4I2f3TndcO+22YizyGYuttLHPQEpWkhmpFW60VCFEPg4g5A==

"@firebase/app-check-types@0.5.3":
  version "0.5.3"
  resolved "https://registry.npmjs.org/@firebase/app-check-types/-/app-check-types-0.5.3.tgz"
  integrity sha512-hyl5rKSj0QmwPdsAxrI5x1otDlByQ7bvNvVt8G/XPO2CSwE++rmSVf3VEhaeOR4J8ZFaF0Z0NDSmLejPweZ3ng==

"@firebase/app-check@0.11.0":
  version "0.11.0"
  resolved "https://registry.npmjs.org/@firebase/app-check/-/app-check-0.11.0.tgz"
  integrity sha512-XAvALQayUMBJo58U/rxW02IhsesaxxfWVmVkauZvGEz3vOAjMEQnzFlyblqkc2iAaO82uJ2ZVyZv9XzPfxjJ6w==
  dependencies:
    "@firebase/component" "0.7.0"
    "@firebase/logger" "0.5.0"
    "@firebase/util" "1.13.0"
    tslib "^2.1.0"

"@firebase/app-compat@0.5.7", "@firebase/app-compat@0.x":
  version "0.5.7"
  resolved "https://registry.npmjs.org/@firebase/app-compat/-/app-compat-0.5.7.tgz"
  integrity sha512-MO+jfap8IBZQ+K8L2QCiHObyMgpYHrxo4Hc7iJgfb9hjGRW/z1y6LWVdT9wBBK+VJ7cRP2DjAiWQP+thu53hHA==
  dependencies:
    "@firebase/app" "0.14.7"
    "@firebase/component" "0.7.0"
    "@firebase/logger" "0.5.0"
    "@firebase/util" "1.13.0"
    tslib "^2.1.0"

"@firebase/app-types@0.9.3", "@firebase/app-types@0.x":
  version "0.9.3"
  resolved "https://registry.npmjs.org/@firebase/app-types/-/app-types-0.9.3.tgz"
  integrity sha512-kRVpIl4vVGJ4baogMDINbyrIOtOxqhkZQg4jTq3l8Lw6WSk0xfpEYzezFu+Kl4ve4fbPl79dvwRtaFqAC/ucCw==

"@firebase/app@0.14.7", "@firebase/app@0.x":
  version "0.14.7"
  resolved "https://registry.npmjs.org/@firebase/app/-/app-0.14.7.tgz"
  integrity sha512-o3ZfnOx0AWBD5n/36p2zPoB0rDDxQP8H/A60zDLvvfRLtW8b3LfCyV97GKpJaAVV1JMMl/BC89EDzMyzxFZxTw==
  dependencies:
    "@firebase/component" "0.7.0"
    "@firebase/logger" "0.5.0"
    "@firebase/util" "1.13.0"
    idb "7.1.1"
    tslib "^2.1.0"

"@firebase/auth-compat@0.6.2":
  version "0.6.2"
  resolved "https://registry.npmjs.org/@firebase/auth-compat/-/auth-compat-0.6.2.tgz"
  integrity sha512-8UhCzF6pav9bw/eXA8Zy1QAKssPRYEYXaWagie1ewLTwHkXv6bKp/j6/IwzSYQP67sy/BMFXIFaCCsoXzFLr7A==
  dependencies:
    "@firebase/auth" "1.12.0"
    "@firebase/auth-types" "0.13.0"
    "@firebase/component" "0.7.0"
    "@firebase/util" "1.13.0"
    tslib "^2.1.0"

"@firebase/auth-interop-types@0.2.4":
  version "0.2.4"
  resolved "https://registry.npmjs.org/@firebase/auth-interop-types/-/auth-interop-types-0.2.4.tgz"
  integrity sha512-JPgcXKCuO+CWqGDnigBtvo09HeBs5u/Ktc2GaFj2m01hLarbxthLNm7Fk8iOP1aqAtXV+fnnGj7U28xmk7IwVA==

"@firebase/auth-types@0.13.0":
  version "0.13.0"
  resolved "https://registry.npmjs.org/@firebase/auth-types/-/auth-types-0.13.0.tgz"
  integrity sha512-S/PuIjni0AQRLF+l9ck0YpsMOdE8GO2KU6ubmBB7P+7TJUCQDa3R1dlgYm9UzGbbePMZsp0xzB93f2b/CgxMOg==

"@firebase/auth@1.12.0":
  version "1.12.0"
  resolved "https://registry.npmjs.org/@firebase/auth/-/auth-1.12.0.tgz"
  integrity sha512-zkvLpsrxynWHk07qGrUDfCSqKf4AvfZGEqJ7mVCtYGjNNDbGE71k0Yn84rg8QEZu4hQw1BC0qDEHzpNVBcSVmA==
  dependencies:
    "@firebase/component" "0.7.0"
    "@firebase/logger" "0.5.0"
    "@firebase/util" "1.13.0"
    tslib "^2.1.0"

"@firebase/component@0.7.0":
  version "0.7.0"
  resolved "https://registry.npmjs.org/@firebase/component/-/component-0.7.0.tgz"
  integrity sha512-wR9En2A+WESUHexjmRHkqtaVH94WLNKt6rmeqZhSLBybg4Wyf0Umk04SZsS6sBq4102ZsDBFwoqMqJYj2IoDSg==
  dependencies:
    "@firebase/util" "1.13.0"
    tslib "^2.1.0"

"@firebase/data-connect@0.3.12":
  version "0.3.12"
  resolved "https://registry.npmjs.org/@firebase/data-connect/-/data-connect-0.3.12.tgz"
  integrity sha512-baPddcoNLj/+vYo+HSJidJUdr5W4OkhT109c5qhR8T1dJoZcyJpkv/dFpYlw/VJ3dV66vI8GHQFrmAZw/xUS4g==
  dependencies:
    "@firebase/auth-interop-types" "0.2.4"
    "@firebase/component" "0.7.0"
    "@firebase/logger" "0.5.0"
    "@firebase/util" "1.13.0"
    tslib "^2.1.0"

"@firebase/database-compat@2.1.0":
  version "2.1.0"
  resolved "https://registry.npmjs.org/@firebase/database-compat/-/database-compat-2.1.0.tgz"
  integrity sha512-8nYc43RqxScsePVd1qe1xxvWNf0OBnbwHxmXJ7MHSuuTVYFO3eLyLW3PiCKJ9fHnmIz4p4LbieXwz+qtr9PZDg==
  dependencies:
    "@firebase/component" "0.7.0"
    "@firebase/database" "1.1.0"
    "@firebase/database-types" "1.0.16"
    "@firebase/logger" "0.5.0"
    "@firebase/util" "1.13.0"
    tslib "^2.1.0"

"@firebase/database-types@1.0.16":
  version "1.0.16"
  resolved "https://registry.npmjs.org/@firebase/database-types/-/database-types-1.0.16.tgz"
  integrity sha512-xkQLQfU5De7+SPhEGAXFBnDryUWhhlFXelEg2YeZOQMCdoe7dL64DDAd77SQsR+6uoXIZY5MB4y/inCs4GTfcw==
  dependencies:
    "@firebase/app-types" "0.9.3"
    "@firebase/util" "1.13.0"

"@firebase/database@1.1.0":
  version "1.1.0"
  resolved "https://registry.npmjs.org/@firebase/database/-/database-1.1.0.tgz"
  integrity sha512-gM6MJFae3pTyNLoc9VcJNuaUDej0ctdjn3cVtILo3D5lpp0dmUHHLFN/pUKe7ImyeB1KAvRlEYxvIHNF04Filg==
  dependencies:
    "@firebase/app-check-interop-types" "0.3.3"
    "@firebase/auth-interop-types" "0.2.4"
    "@firebase/component" "0.7.0"
    "@firebase/logger" "0.5.0"
    "@firebase/util" "1.13.0"
    faye-websocket "0.11.4"
    tslib "^2.1.0"

"@firebase/firestore-compat@0.4.4":
  version "0.4.4"
  resolved "https://registry.npmjs.org/@firebase/firestore-compat/-/firestore-compat-0.4.4.tgz"
  integrity sha512-JvxxIgi+D5v9BecjLA1YomdyF7LA6CXhJuVK10b4GtRrB3m2O2hT1jJWbKYZYHUAjTaajkvnos+4U5VNxqkI2w==
  dependencies:
    "@firebase/component" "0.7.0"
    "@firebase/firestore" "4.10.0"
    "@firebase/firestore-types" "3.0.3"
    "@firebase/util" "1.13.0"
    tslib "^2.1.0"

"@firebase/firestore-types@3.0.3":
  version "3.0.3"
  resolved "https://registry.npmjs.org/@firebase/firestore-types/-/firestore-types-3.0.3.tgz"
  integrity sha512-hD2jGdiWRxB/eZWF89xcK9gF8wvENDJkzpVFb4aGkzfEaKxVRD1kjz1t1Wj8VZEp2LCB53Yx1zD8mrhQu87R6Q==

"@firebase/firestore@4.10.0":
  version "4.10.0"
  resolved "https://registry.npmjs.org/@firebase/firestore/-/firestore-4.10.0.tgz"
  integrity sha512-fgF6EbpoagGWh5Vwfu/7/jYgBFwUCwTlPNVF/aSjHcoEDRXpRsIqVfAFTp1LD+dWAUcAKEK3h+osk8spMJXtxA==
  dependencies:
    "@firebase/component" "0.7.0"
    "@firebase/logger" "0.5.0"
    "@firebase/util" "1.13.0"
    "@firebase/webchannel-wrapper" "1.0.5"
    "@grpc/grpc-js" "~1.9.0"
    "@grpc/proto-loader" "^0.7.8"
    tslib "^2.1.0"

"@firebase/functions-compat@0.4.1":
  version "0.4.1"
  resolved "https://registry.npmjs.org/@firebase/functions-compat/-/functions-compat-0.4.1.tgz"
  integrity sha512-AxxUBXKuPrWaVNQ8o1cG1GaCAtXT8a0eaTDfqgS5VsRYLAR0ALcfqDLwo/QyijZj1w8Qf8n3Qrfy/+Im245hOQ==
  dependencies:
    "@firebase/component" "0.7.0"
    "@firebase/functions" "0.13.1"
    "@firebase/functions-types" "0.6.3"
    "@firebase/util" "1.13.0"
    tslib "^2.1.0"

"@firebase/functions-types@0.6.3":
  version "0.6.3"
  resolved "https://registry.npmjs.org/@firebase/functions-types/-/functions-types-0.6.3.tgz"
  integrity sha512-EZoDKQLUHFKNx6VLipQwrSMh01A1SaL3Wg6Hpi//x6/fJ6Ee4hrAeswK99I5Ht8roiniKHw4iO0B1Oxj5I4plg==

"@firebase/functions@0.13.1":
  version "0.13.1"
  resolved "https://registry.npmjs.org/@firebase/functions/-/functions-0.13.1.tgz"
  integrity sha512-sUeWSb0rw5T+6wuV2o9XNmh9yHxjFI9zVGFnjFi+n7drTEWpl7ZTz1nROgGrSu472r+LAaj+2YaSicD4R8wfbw==
  dependencies:
    "@firebase/app-check-interop-types" "0.3.3"
    "@firebase/auth-interop-types" "0.2.4"
    "@firebase/component" "0.7.0"
    "@firebase/messaging-interop-types" "0.2.3"
    "@firebase/util" "1.13.0"
    tslib "^2.1.0"

"@firebase/installations-compat@0.2.19":
  version "0.2.19"
  resolved "https://registry.npmjs.org/@firebase/installations-compat/-/installations-compat-0.2.19.tgz"
  integrity sha512-khfzIY3EI5LePePo7vT19/VEIH1E3iYsHknI/6ek9T8QCozAZshWT9CjlwOzZrKvTHMeNcbpo/VSOSIWDSjWdQ==
  dependencies:
    "@firebase/component" "0.7.0"
    "@firebase/installations" "0.6.19"
    "@firebase/installations-types" "0.5.3"
    "@firebase/util" "1.13.0"
    tslib "^2.1.0"

"@firebase/installations-types@0.5.3":
  version "0.5.3"
  resolved "https://registry.npmjs.org/@firebase/installations-types/-/installations-types-0.5.3.tgz"
  integrity sha512-2FJI7gkLqIE0iYsNQ1P751lO3hER+Umykel+TkLwHj6plzWVxqvfclPUZhcKFVQObqloEBTmpi2Ozn7EkCABAA==

"@firebase/installations@0.6.19":
  version "0.6.19"
  resolved "https://registry.npmjs.org/@firebase/installations/-/installations-0.6.19.tgz"
  integrity sha512-nGDmiwKLI1lerhwfwSHvMR9RZuIH5/8E3kgUWnVRqqL7kGVSktjLTWEMva7oh5yxQ3zXfIlIwJwMcaM5bK5j8Q==
  dependencies:
    "@firebase/component" "0.7.0"
    "@firebase/util" "1.13.0"
    idb "7.1.1"
    tslib "^2.1.0"

"@firebase/logger@0.5.0":
  version "0.5.0"
  resolved "https://registry.npmjs.org/@firebase/logger/-/logger-0.5.0.tgz"
  integrity sha512-cGskaAvkrnh42b3BA3doDWeBmuHFO/Mx5A83rbRDYakPjO9bJtRL3dX7javzc2Rr/JHZf4HlterTW2lUkfeN4g==
  dependencies:
    tslib "^2.1.0"

"@firebase/messaging-compat@0.2.23":
  version "0.2.23"
  resolved "https://registry.npmjs.org/@firebase/messaging-compat/-/messaging-compat-0.2.23.tgz"
  integrity sha512-SN857v/kBUvlQ9X/UjAqBoQ2FEaL1ZozpnmL1ByTe57iXkmnVVFm9KqAsTfmf+OEwWI4kJJe9NObtN/w22lUgg==
  dependencies:
    "@firebase/component" "0.7.0"
    "@firebase/messaging" "0.12.23"
    "@firebase/util" "1.13.0"
    tslib "^2.1.0"

"@firebase/messaging-interop-types@0.2.3":
  version "0.2.3"
  resolved "https://registry.npmjs.org/@firebase/messaging-interop-types/-/messaging-interop-types-0.2.3.tgz"
  integrity sha512-xfzFaJpzcmtDjycpDeCUj0Ge10ATFi/VHVIvEEjDNc3hodVBQADZ7BWQU7CuFpjSHE+eLuBI13z5F/9xOoGX8Q==

"@firebase/messaging@0.12.23":
  version "0.12.23"
  resolved "https://registry.npmjs.org/@firebase/messaging/-/messaging-0.12.23.tgz"
  integrity sha512-cfuzv47XxqW4HH/OcR5rM+AlQd1xL/VhuaeW/wzMW1LFrsFcTn0GND/hak1vkQc2th8UisBcrkVcQAnOnKwYxg==
  dependencies:
    "@firebase/component" "0.7.0"
    "@firebase/installations" "0.6.19"
    "@firebase/messaging-interop-types" "0.2.3"
    "@firebase/util" "1.13.0"
    idb "7.1.1"
    tslib "^2.1.0"

"@firebase/performance-compat@0.2.22":
  version "0.2.22"
  resolved "https://registry.npmjs.org/@firebase/performance-compat/-/performance-compat-0.2.22.tgz"
  integrity sha512-xLKxaSAl/FVi10wDX/CHIYEUP13jXUjinL+UaNXT9ByIvxII5Ne5150mx6IgM8G6Q3V+sPiw9C8/kygkyHUVxg==
  dependencies:
    "@firebase/component" "0.7.0"
    "@firebase/logger" "0.5.0"
    "@firebase/performance" "0.7.9"
    "@firebase/performance-types" "0.2.3"
    "@firebase/util" "1.13.0"
    tslib "^2.1.0"

"@firebase/performance-types@0.2.3":
  version "0.2.3"
  resolved "https://registry.npmjs.org/@firebase/performance-types/-/performance-types-0.2.3.tgz"
  integrity sha512-IgkyTz6QZVPAq8GSkLYJvwSLr3LS9+V6vNPQr0x4YozZJiLF5jYixj0amDtATf1X0EtYHqoPO48a9ija8GocxQ==

"@firebase/performance@0.7.9":
  version "0.7.9"
  resolved "https://registry.npmjs.org/@firebase/performance/-/performance-0.7.9.tgz"
  integrity sha512-UzybENl1EdM2I1sjYm74xGt/0JzRnU/0VmfMAKo2LSpHJzaj77FCLZXmYQ4oOuE+Pxtt8Wy2BVJEENiZkaZAzQ==
  dependencies:
    "@firebase/component" "0.7.0"
    "@firebase/installations" "0.6.19"
    "@firebase/logger" "0.5.0"
    "@firebase/util" "1.13.0"
    tslib "^2.1.0"
    web-vitals "^4.2.4"

"@firebase/remote-config-compat@0.2.21":
  version "0.2.21"
  resolved "https://registry.npmjs.org/@firebase/remote-config-compat/-/remote-config-compat-0.2.21.tgz"
  integrity sha512-9+lm0eUycxbu8GO25JfJe4s6R2xlDqlVt0CR6CvN9E6B4AFArEV4qfLoDVRgIEB7nHKwvH2nYRocPWfmjRQTnw==
  dependencies:
    "@firebase/component" "0.7.0"
    "@firebase/logger" "0.5.0"
    "@firebase/remote-config" "0.8.0"
    "@firebase/remote-config-types" "0.5.0"
    "@firebase/util" "1.13.0"
    tslib "^2.1.0"

"@firebase/remote-config-types@0.5.0":
  version "0.5.0"
  resolved "https://registry.npmjs.org/@firebase/remote-config-types/-/remote-config-types-0.5.0.tgz"
  integrity sha512-vI3bqLoF14L/GchtgayMiFpZJF+Ao3uR8WCde0XpYNkSokDpAKca2DxvcfeZv7lZUqkUwQPL2wD83d3vQ4vvrg==

"@firebase/remote-config@0.8.0":
  version "0.8.0"
  resolved "https://registry.npmjs.org/@firebase/remote-config/-/remote-config-0.8.0.tgz"
  integrity sha512-sJz7C2VACeE257Z/3kY9Ap2WXbFsgsDLfaGfZmmToKAK39ipXxFan+vzB9CSbF6mP7bzjyzEnqPcMXhAnYE6fQ==
  dependencies:
    "@firebase/component" "0.7.0"
    "@firebase/installations" "0.6.19"
    "@firebase/logger" "0.5.0"
    "@firebase/util" "1.13.0"
    tslib "^2.1.0"

"@firebase/storage-compat@0.4.0":
  version "0.4.0"
  resolved "https://registry.npmjs.org/@firebase/storage-compat/-/storage-compat-0.4.0.tgz"
  integrity sha512-vDzhgGczr1OfcOy285YAPur5pWDEvD67w4thyeCUh6Ys0izN9fNYtA1MJERmNBfqjqu0lg0FM5GLbw0Il21M+g==
  dependencies:
    "@firebase/component" "0.7.0"
    "@firebase/storage" "0.14.0"
    "@firebase/storage-types" "0.8.3"
    "@firebase/util" "1.13.0"
    tslib "^2.1.0"

"@firebase/storage-types@0.8.3":
  version "0.8.3"
  resolved "https://registry.npmjs.org/@firebase/storage-types/-/storage-types-0.8.3.tgz"
  integrity sha512-+Muk7g9uwngTpd8xn9OdF/D48uiQ7I1Fae7ULsWPuKoCH3HU7bfFPhxtJYzyhjdniowhuDpQcfPmuNRAqZEfvg==

"@firebase/storage@0.14.0":
  version "0.14.0"
  resolved "https://registry.npmjs.org/@firebase/storage/-/storage-0.14.0.tgz"
  integrity sha512-xWWbb15o6/pWEw8H01UQ1dC5U3rf8QTAzOChYyCpafV6Xki7KVp3Yaw2nSklUwHEziSWE9KoZJS7iYeyqWnYFA==
  dependencies:
    "@firebase/component" "0.7.0"
    "@firebase/util" "1.13.0"
    tslib "^2.1.0"

"@firebase/util@1.13.0", "@firebase/util@1.x":
  version "1.13.0"
  resolved "https://registry.npmjs.org/@firebase/util/-/util-1.13.0.tgz"
  integrity sha512-0AZUyYUfpMNcztR5l09izHwXkZpghLgCUaAGjtMwXnCg3bj4ml5VgiwqOMOxJ+Nw4qN/zJAaOQBcJ7KGkWStqQ==
  dependencies:
    tslib "^2.1.0"

"@firebase/webchannel-wrapper@1.0.5":
  version "1.0.5"
  resolved "https://registry.npmjs.org/@firebase/webchannel-wrapper/-/webchannel-wrapper-1.0.5.tgz"
  integrity sha512-+uGNN7rkfn41HLO0vekTFhTxk61eKa8mTpRGLO0QSqlQdKvIoGAvLp3ppdVIWbTGYJWM6Kp0iN+PjMIOcnVqTw==

"@grpc/grpc-js@~1.9.0":
  version "1.9.15"
  resolved "https://registry.npmjs.org/@grpc/grpc-js/-/grpc-js-1.9.15.tgz"
  integrity sha512-nqE7Hc0AzI+euzUwDAy0aY5hCp10r734gMGRdU+qOPX0XSceI2ULrcXB5U2xSc5VkWwalCj4M7GzCAygZl2KoQ==
  dependencies:
    "@grpc/proto-loader" "^0.7.8"
    "@types/node" ">=12.12.47"

"@grpc/proto-loader@^0.7.8":
  version "0.7.15"
  resolved "https://registry.npmjs.org/@grpc/proto-loader/-/proto-loader-0.7.15.tgz"
  integrity sha512-tMXdRCfYVixjuFK+Hk0Q1s38gV9zDiDJfWL3h1rv4Qc39oILCu1TRTDt7+fGUI8K4G1Fj125Hx/ru3azECWTyQ==
  dependencies:
    lodash.camelcase "^4.3.0"
    long "^5.0.0"
    protobufjs "^7.2.5"
    yargs "^17.7.2"

"@heroicons/react@^2.2.0":
  version "2.2.0"
  resolved "https://registry.npmjs.org/@heroicons/react/-/react-2.2.0.tgz"
  integrity sha512-LMcepvRaS9LYHJGsF0zzmgKCUim/X3N/DQKc4jepAXJ7l8QxJ1PmxJzqplF2Z3FE4PqBAIGyJAQ/w4B5dsqbtQ==

"@lineiconshq/free-icons@^0.0.1":
  version "0.0.1"
  resolved "https://registry.npmjs.org/@lineiconshq/free-icons/-/free-icons-0.0.1.tgz"
  integrity sha512-fnWSSjIv/4vojAKsBZXluhMRr1LIb5p85IzXK0Dh27KF9qXxz89HZJrnvXH71ZqMCP+NFzo/xh0dJsv8PT+3xg==

"@lineiconshq/free-icons@^1.0.4":
  version "1.0.4"
  resolved "https://registry.npmjs.org/@lineiconshq/free-icons/-/free-icons-1.0.4.tgz"
  integrity sha512-erFnjTHhiuXyQUM4c00gEC51vAyHPnMc6wKca5Qa7YV865bPsyngQQPkHSfPcLUxYGx+APLXxjBhYKfbmph0xw==
  dependencies:
    meilisearch "^0.53.0"

"@lineiconshq/react-lineicons@^1.0.5":
  version "1.0.5"
  resolved "https://registry.npmjs.org/@lineiconshq/react-lineicons/-/react-lineicons-1.0.5.tgz"
  integrity sha512-GfUBSMLoL7siDOmVwDTTGwGCREu7Q/g7PAzqoMII+SF6ZWQS3ZfTLupNcQkTx4R6+mTibz5OIoWHCseVF8WsMQ==
  dependencies:
    "@lineiconshq/free-icons" "^0.0.1"

"@mongodb-js/saslprep@^1.3.0":
  version "1.4.5"
  resolved "https://registry.npmjs.org/@mongodb-js/saslprep/-/saslprep-1.4.5.tgz"
  integrity sha512-k64Lbyb7ycCSXHSLzxVdb2xsKGPMvYZfCICXvDsI8Z65CeWQzTEKS4YmGbnqw+U9RBvLPTsB6UCmwkgsDTGWIw==
  dependencies:
    sparse-bitfield "^3.0.3"

"@protobufjs/aspromise@^1.1.1", "@protobufjs/aspromise@^1.1.2":
  version "1.1.2"
  resolved "https://registry.npmjs.org/@protobufjs/aspromise/-/aspromise-1.1.2.tgz"
  integrity sha512-j+gKExEuLmKwvz3OgROXtrJ2UG2x8Ch2YZUxahh+s1F2HZ+wAceUNLkvy6zKCPVRkU++ZWQrdxsUeQXmcg4uoQ==

"@protobufjs/base64@^1.1.2":
  version "1.1.2"
  resolved "https://registry.npmjs.org/@protobufjs/base64/-/base64-1.1.2.tgz"
  integrity sha512-AZkcAA5vnN/v4PDqKyMR5lx7hZttPDgClv83E//FMNhR2TMcLUhfRUBHCmSl0oi9zMgDDqRUJkSxO3wm85+XLg==

"@protobufjs/codegen@^2.0.4":
  version "2.0.4"
  resolved "https://registry.npmjs.org/@protobufjs/codegen/-/codegen-2.0.4.tgz"
  integrity sha512-YyFaikqM5sH0ziFZCN3xDC7zeGaB/d0IUb9CATugHWbd1FRFwWwt4ld4OYMPWu5a3Xe01mGAULCdqhMlPl29Jg==

"@protobufjs/eventemitter@^1.1.0":
  version "1.1.0"
  resolved "https://registry.npmjs.org/@protobufjs/eventemitter/-/eventemitter-1.1.0.tgz"
  integrity sha512-j9ednRT81vYJ9OfVuXG6ERSTdEL1xVsNgqpkxMsbIabzSo3goCjDIveeGv5d03om39ML71RdmrGNjG5SReBP/Q==

"@protobufjs/fetch@^1.1.0":
  version "1.1.0"
  resolved "https://registry.npmjs.org/@protobufjs/fetch/-/fetch-1.1.0.tgz"
  integrity sha512-lljVXpqXebpsijW71PZaCYeIcE5on1w5DlQy5WH6GLbFryLUrBD4932W/E2BSpfRJWseIL4v/KPgBFxDOIdKpQ==
  dependencies:
    "@protobufjs/aspromise" "^1.1.1"
    "@protobufjs/inquire" "^1.1.0"

"@protobufjs/float@^1.0.2":
  version "1.0.2"
  resolved "https://registry.npmjs.org/@protobufjs/float/-/float-1.0.2.tgz"
  integrity sha512-Ddb+kVXlXst9d+R9PfTIxh1EdNkgoRe5tOX6t01f1lYWOvJnSPDBlG241QLzcyPdoNTsblLUdujGSE4RzrTZGQ==

"@protobufjs/inquire@^1.1.0":
  version "1.1.0"
  resolved "https://registry.npmjs.org/@protobufjs/inquire/-/inquire-1.1.0.tgz"
  integrity sha512-kdSefcPdruJiFMVSbn801t4vFK7KB/5gd2fYvrxhuJYg8ILrmn9SKSX2tZdV6V+ksulWqS7aXjBcRXl3wHoD9Q==

"@protobufjs/path@^1.1.2":
  version "1.1.2"
  resolved "https://registry.npmjs.org/@protobufjs/path/-/path-1.1.2.tgz"
  integrity sha512-6JOcJ5Tm08dOHAbdR3GrvP+yUUfkjG5ePsHYczMFLq3ZmMkAD98cDgcT2iA1lJ9NVwFd4tH/iSSoe44YWkltEA==

"@protobufjs/pool@^1.1.0":
  version "1.1.0"
  resolved "https://registry.npmjs.org/@protobufjs/pool/-/pool-1.1.0.tgz"
  integrity sha512-0kELaGSIDBKvcgS4zkjz1PeddatrjYcmMWOlAuAPwAeccUrPHdUqo/J6LiymHHEiJT5NrF1UVwxY14f+fy4WQw==

"@protobufjs/utf8@^1.1.0":
  version "1.1.0"
  resolved "https://registry.npmjs.org/@protobufjs/utf8/-/utf8-1.1.0.tgz"
  integrity sha512-Vvn3zZrhQZkkBE8LSuW3em98c0FwgO4nxzv6OdSxPKJIEKY2bGbHn+mhGIPerzI4twdxaP8/0+06HBpwf345Lw==

"@supabase/auth-js@2.91.0":
  version "2.91.0"
  resolved "https://registry.npmjs.org/@supabase/auth-js/-/auth-js-2.91.0.tgz"
  integrity sha512-9ywvsKLsxTwv7fvN5fXzP3UfRreqrX2waylTBDu0lkmeHXa8WtSQS9e0WV9FBduiazYqQbgfBQXBNPRPsRgWOQ==
  dependencies:
    tslib "2.8.1"

"@supabase/functions-js@2.91.0":
  version "2.91.0"
  resolved "https://registry.npmjs.org/@supabase/functions-js/-/functions-js-2.91.0.tgz"
  integrity sha512-WaakXOqLK1mLtBNFXp5o5T+LlI6KZuADSeXz+9ofPRG5OpVSvW148LVJB1DRZ16Phck1a0YqIUswOUgxCz6vMw==
  dependencies:
    tslib "2.8.1"

"@supabase/postgrest-js@2.91.0":
  version "2.91.0"
  resolved "https://registry.npmjs.org/@supabase/postgrest-js/-/postgrest-js-2.91.0.tgz"
  integrity sha512-5S41zv2euNpGucvtM4Wy+xOmLznqt/XO+Lh823LOFEQ00ov7QJfvqb6VzIxufvzhooZpmGR0BxvMcJtWxCIFdQ==
  dependencies:
    tslib "2.8.1"

"@supabase/realtime-js@2.91.0":
  version "2.91.0"
  resolved "https://registry.npmjs.org/@supabase/realtime-js/-/realtime-js-2.91.0.tgz"
  integrity sha512-u2YuJFG35umw8DO9beC27L/jYXm3KhF+73WQwbynMpV0tXsFIA0DOGRM0NgRyy03hJIdO6mxTTwe8efW3yx3Tg==
  dependencies:
    "@types/phoenix" "^1.6.6"
    "@types/ws" "^8.18.1"
    tslib "2.8.1"
    ws "^8.18.2"

"@supabase/storage-js@2.91.0":
  version "2.91.0"
  resolved "https://registry.npmjs.org/@supabase/storage-js/-/storage-js-2.91.0.tgz"
  integrity sha512-CI7fsVIBQHfNObqU9kmyQ1GWr+Ug44y4rSpvxT4LdQB9tlhg1NTBov6z7Dlmt8d6lGi/8a9lf/epCDxyWI792g==
  dependencies:
    iceberg-js "^0.8.1"
    tslib "2.8.1"

"@supabase/supabase-js@^2.91.0":
  version "2.91.0"
  resolved "https://registry.npmjs.org/@supabase/supabase-js/-/supabase-js-2.91.0.tgz"
  integrity sha512-Rjb0QqkKrmXMVwUOdEqysPBZ0ZDZakeptTkUa6k2d8r3strBdbWVDqjOdkCjAmvvZMtXecBeyTyMEXD1Zzjfvg==
  dependencies:
    "@supabase/auth-js" "2.91.0"
    "@supabase/functions-js" "2.91.0"
    "@supabase/postgrest-js" "2.91.0"
    "@supabase/realtime-js" "2.91.0"
    "@supabase/storage-js" "2.91.0"

"@types/node@*", "@types/node@>=12.12.47", "@types/node@>=13.7.0":
  version "25.0.9"
  resolved "https://registry.npmjs.org/@types/node/-/node-25.0.9.tgz"
  integrity sha512-/rpCXHlCWeqClNBwUhDcusJxXYDjZTyE8v5oTO7WbL8eij2nKhUeU89/6xgjU7N4/Vh3He0BtyhJdQbDyhiXAw==
  dependencies:
    undici-types "~7.16.0"

"@types/papaparse@^5.5.2":
  version "5.5.2"
  resolved "https://registry.npmjs.org/@types/papaparse/-/papaparse-5.5.2.tgz"
  integrity sha512-gFnFp/JMzLHCwRf7tQHrNnfhN4eYBVYYI897CGX4MY1tzY9l2aLkVyx2IlKZ/SAqDbB3I1AOZW5gTMGGsqWliA==
  dependencies:
    "@types/node" "*"

"@types/phoenix@^1.6.6":
  version "1.6.7"
  resolved "https://registry.npmjs.org/@types/phoenix/-/phoenix-1.6.7.tgz"
  integrity sha512-oN9ive//QSBkf19rfDv45M7eZPi0eEXylht2OLEXicu5b4KoQ1OzXIw+xDSGWxSxe1JmepRR/ZH283vsu518/Q==

"@types/webidl-conversions@*":
  version "7.0.3"
  resolved "https://registry.npmjs.org/@types/webidl-conversions/-/webidl-conversions-7.0.3.tgz"
  integrity sha512-CiJJvcRtIgzadHCYXw7dqEnMNRjhGZlYK05Mj9OyktqV8uVT8fD2BFOB7S1uwBE3Kj2Z+4UyPmFw/Ixgw/LAlA==

"@types/whatwg-url@^13.0.0":
  version "13.0.0"
  resolved "https://registry.npmjs.org/@types/whatwg-url/-/whatwg-url-13.0.0.tgz"
  integrity sha512-N8WXpbE6Wgri7KUSvrmQcqrMllKZ9uxkYWMt+mCSGwNc0Hsw9VQTW7ApqI4XNrx6/SaM2QQJCzMPDEXE058s+Q==
  dependencies:
    "@types/webidl-conversions" "*"

"@types/ws@^8.18.1":
  version "8.18.1"
  resolved "https://registry.npmjs.org/@types/ws/-/ws-8.18.1.tgz"
  integrity sha512-ThVF6DCVhA8kUGy+aazFQ4kXQ7E1Ty7A3ypFOe0IcJV8O/M511G99AW24irKrW56Wt44yG9+ij8FaqoBGkuBXg==
  dependencies:
    "@types/node" "*"

ansi-regex@^5.0.1:
  version "5.0.1"
  resolved "https://registry.npmjs.org/ansi-regex/-/ansi-regex-5.0.1.tgz"
  integrity sha512-quJQXlTSUGL2LH9SUXo8VwsY4soanhgo6LNSm84E1LBcE8s3O0wpdiRzyR9z/ZZJMlMWv37qOOb9pdJlMUEKFQ==

ansi-styles@^4.0.0, ansi-styles@^4.1.0:
  version "4.3.0"
  resolved "https://registry.npmjs.org/ansi-styles/-/ansi-styles-4.3.0.tgz"
  integrity sha512-zbB9rCJAT1rbjiVDb2hqKFHNYLxgtk8NURxZ3IZwD3F6NtxbXZQCnnSi1Lkx+IDohdPlFp222wVALIheZJQSEg==
  dependencies:
    color-convert "^2.0.1"

bson@^7.0.0:
  version "7.1.1"
  resolved "https://registry.npmjs.org/bson/-/bson-7.1.1.tgz"
  integrity sha512-TtJgBB+QyOlWjrbM+8bRgH84VM/xrDjyBFgSgGrfZF4xvt6gbEDtcswm27Tn9F9TWsjQybxT8b8VpCP/oJK4Dw==

chalk@^4.1.2:
  version "4.1.2"
  resolved "https://registry.npmjs.org/chalk/-/chalk-4.1.2.tgz"
  integrity sha512-oKnbhFyRIXpUuez8iBMmyEa4nbj4IOQyuhc/wy9kY7/WVPcwIO9VA668Pu8RkO7+0G76SLROeyw9CpQ061i4mA==
  dependencies:
    ansi-styles "^4.1.0"
    supports-color "^7.1.0"

class-variance-authority@^0.7.1:
  version "0.7.1"
  resolved "https://registry.npmjs.org/class-variance-authority/-/class-variance-authority-0.7.1.tgz"
  integrity sha512-Ka+9Trutv7G8M6WT6SeiRWz792K5qEqIGEGzXKhAE6xOWAY6pPH8U+9IY3oCMv6kqTmLsv7Xh/2w2RigkePMsg==
  dependencies:
    clsx "^2.1.1"

cliui@^8.0.1:
  version "8.0.1"
  resolved "https://registry.npmjs.org/cliui/-/cliui-8.0.1.tgz"
  integrity sha512-BSeNnyus75C4//NQ9gQt1/csTXyo/8Sb+afLAkzAptFuMsod9HFokGNudZpi/oQV73hnVK+sR+5PVRMd+Dr7YQ==
  dependencies:
    string-width "^4.2.0"
    strip-ansi "^6.0.1"
    wrap-ansi "^7.0.0"

clsx@^2.1.1:
  version "2.1.1"
  resolved "https://registry.npmjs.org/clsx/-/clsx-2.1.1.tgz"
  integrity sha512-eYm0QWBtUrBWZWG0d386OGAw16Z995PiOVo2B7bjWSbHedGl5e0ZWaq65kOGgUSNesEIDkB9ISbTg/JK9dhCZA==

color-convert@^2.0.1:
  version "2.0.1"
  resolved "https://registry.npmjs.org/color-convert/-/color-convert-2.0.1.tgz"
  integrity sha512-RRECPsj7iu/xb5oKYcsFHSppFNnsj/52OVTRKb4zP5onXwVF3zVmmToNcOfGC+CRDpfK/U584fMg38ZHCaElKQ==
  dependencies:
    color-name "~1.1.4"

color-name@~1.1.4:
  version "1.1.4"
  resolved "https://registry.npmjs.org/color-name/-/color-name-1.1.4.tgz"
  integrity sha512-dOy+3AuW3a2wNbZHIuMZpTcgjGuLU/uBL/ubcZF9OXbDo8ff4O8yVp5Bf0efS8uEoYo5q4Fx7dY9OgQGXgAsQA==

concurrently@^8.2.2:
  version "8.2.2"
  resolved "https://registry.npmjs.org/concurrently/-/concurrently-8.2.2.tgz"
  integrity sha512-1dP4gpXFhei8IOtlXRE/T/4H88ElHgTiUzh71YUmtjTEHMSRS2Z/fgOxHSxxusGHogsRfxNq1vyAwxSC+EVyDg==
  dependencies:
    chalk "^4.1.2"
    date-fns "^2.30.0"
    lodash "^4.17.21"
    rxjs "^7.8.1"
    shell-quote "^1.8.1"
    spawn-command "0.0.2"
    supports-color "^8.1.1"
    tree-kill "^1.2.2"
    yargs "^17.7.2"

date-fns@^2.30.0:
  version "2.30.0"
  resolved "https://registry.npmjs.org/date-fns/-/date-fns-2.30.0.tgz"
  integrity sha512-fnULvOpxnC5/Vg3NCiWelDsLiUc9bRwAPs/+LfTLNvetFCtCTN+yQz15C/fs4AwX1R9K5GLtLfn8QW+dWisaAw==
  dependencies:
    "@babel/runtime" "^7.21.0"

devicon@^2.17.0:
  version "2.17.0"
  resolved "https://registry.npmjs.org/devicon/-/devicon-2.17.0.tgz"
  integrity sha512-2nKUdjobJlmRSaCHa50PGsVq0VDURnq9gVzQoJggsM/NKN0tLhC/Uq2zmy2pH36Q/1q3gvYwp/GjTgv/R0Ysbg==

dom7@^4.0.6:
  version "4.0.6"
  resolved "https://registry.npmjs.org/dom7/-/dom7-4.0.6.tgz"
  integrity sha512-emjdpPLhpNubapLFdjNL9tP06Sr+GZkrIHEXLWvOGsytACUrkbeIdjO5g77m00BrHTznnlcNqgmn7pCN192TBA==
  dependencies:
    ssr-window "^4.0.0"

dotenv@^16.6.1:
  version "16.6.1"
  resolved "https://registry.npmjs.org/dotenv/-/dotenv-16.6.1.tgz"
  integrity sha512-uBq4egWHTcTt33a72vpSG0z3HnPuIl6NqYcTrKEg2azoEyl2hpW0zqlxysq2pK9HlDIHyHyakeYaYnSAwd8bow==

emoji-regex@^8.0.0:
  version "8.0.0"
  resolved "https://registry.npmjs.org/emoji-regex/-/emoji-regex-8.0.0.tgz"
  integrity sha512-MSjYzcWNOA0ewAHpz0MxpYFvwg6yjy1NG3xteoqz644VCo/RPgnr1/GGt+ic3iJTzQ8Eu3TdM14SawnVUmGE6A==

esbuild@~0.27.0:
  version "0.27.2"
  resolved "https://registry.npmjs.org/esbuild/-/esbuild-0.27.2.tgz"
  integrity sha512-HyNQImnsOC7X9PMNaCIeAm4ISCQXs5a5YasTXVliKv4uuBo1dKrG0A+uQS8M5eXjVMnLg3WgXaKvprHlFJQffw==
  optionalDependencies:
    "@esbuild/aix-ppc64" "0.27.2"
    "@esbuild/android-arm" "0.27.2"
    "@esbuild/android-arm64" "0.27.2"
    "@esbuild/android-x64" "0.27.2"
    "@esbuild/darwin-arm64" "0.27.2"
    "@esbuild/darwin-x64" "0.27.2"
    "@esbuild/freebsd-arm64" "0.27.2"
    "@esbuild/freebsd-x64" "0.27.2"
    "@esbuild/linux-arm" "0.27.2"
    "@esbuild/linux-arm64" "0.27.2"
    "@esbuild/linux-ia32" "0.27.2"
    "@esbuild/linux-loong64" "0.27.2"
    "@esbuild/linux-mips64el" "0.27.2"
    "@esbuild/linux-ppc64" "0.27.2"
    "@esbuild/linux-riscv64" "0.27.2"
    "@esbuild/linux-s390x" "0.27.2"
    "@esbuild/linux-x64" "0.27.2"
    "@esbuild/netbsd-arm64" "0.27.2"
    "@esbuild/netbsd-x64" "0.27.2"
    "@esbuild/openbsd-arm64" "0.27.2"
    "@esbuild/openbsd-x64" "0.27.2"
    "@esbuild/openharmony-arm64" "0.27.2"
    "@esbuild/sunos-x64" "0.27.2"
    "@esbuild/win32-arm64" "0.27.2"
    "@esbuild/win32-ia32" "0.27.2"
    "@esbuild/win32-x64" "0.27.2"

escalade@^3.1.1:
  version "3.2.0"
  resolved "https://registry.npmjs.org/escalade/-/escalade-3.2.0.tgz"
  integrity sha512-WUj2qlxaQtO4g6Pq5c29GTcWGDyd8itL8zTlipgECz3JesAiiOKotd8JU6otB3PACgG6xkJUyVhboMS+bje/jA==

faye-websocket@0.11.4:
  version "0.11.4"
  resolved "https://registry.npmjs.org/faye-websocket/-/faye-websocket-0.11.4.tgz"
  integrity sha512-CzbClwlXAuiRQAlUyfqPgvPoNKTckTPGfwZV4ZdAhVcP2lh9KUxJg2b5GkE7XbjKQ3YJnQ9z6D9ntLAlB+tP8g==
  dependencies:
    websocket-driver ">=0.5.1"

firebase@^12.8.0:
  version "12.8.0"
  resolved "https://registry.npmjs.org/firebase/-/firebase-12.8.0.tgz"
  integrity sha512-S1tCIR3ENecee0tY2cfTHfMkXqkitHfbsvqpCtvsT0Zi9vDB7A4CodAjHfHCjVvu/XtGy1LHLjOasVcF10rCVw==
  dependencies:
    "@firebase/ai" "2.7.0"
    "@firebase/analytics" "0.10.19"
    "@firebase/analytics-compat" "0.2.25"
    "@firebase/app" "0.14.7"
    "@firebase/app-check" "0.11.0"
    "@firebase/app-check-compat" "0.4.0"
    "@firebase/app-compat" "0.5.7"
    "@firebase/app-types" "0.9.3"
    "@firebase/auth" "1.12.0"
    "@firebase/auth-compat" "0.6.2"
    "@firebase/data-connect" "0.3.12"
    "@firebase/database" "1.1.0"
    "@firebase/database-compat" "2.1.0"
    "@firebase/firestore" "4.10.0"
    "@firebase/firestore-compat" "0.4.4"
    "@firebase/functions" "0.13.1"
    "@firebase/functions-compat" "0.4.1"
    "@firebase/installations" "0.6.19"
    "@firebase/installations-compat" "0.2.19"
    "@firebase/messaging" "0.12.23"
    "@firebase/messaging-compat" "0.2.23"
    "@firebase/performance" "0.7.9"
    "@firebase/performance-compat" "0.2.22"
    "@firebase/remote-config" "0.8.0"
    "@firebase/remote-config-compat" "0.2.21"
    "@firebase/storage" "0.14.0"
    "@firebase/storage-compat" "0.4.0"
    "@firebase/util" "1.13.0"

framer-motion@^12.29.0:
  version "12.29.0"
  resolved "https://registry.npmjs.org/framer-motion/-/framer-motion-12.29.0.tgz"
  integrity sha512-1gEFGXHYV2BD42ZPTFmSU9buehppU+bCuOnHU0AD18DKh9j4DuTx47MvqY5ax+NNWRtK32qIcJf1UxKo1WwjWg==
  dependencies:
    motion-dom "^12.29.0"
    motion-utils "^12.27.2"
    tslib "^2.4.0"

framework7@^9.0.2:
  version "9.0.2"
  resolved "https://registry.npmjs.org/framework7/-/framework7-9.0.2.tgz"
  integrity sha512-ogro9wd9UjxxdpBCs7nMu1Haq6S6iraLZca4ffo1EpVAhfufEHhViEVRysthZcolBeJTwBYs+UTc43raJANESQ==
  dependencies:
    dom7 "^4.0.6"
    htm "^3.1.1"
    path-to-regexp "^6.2.0"
    skeleton-elements "^4.0.1"
    ssr-window "^5.0.1"
    swiper "^12.0.3"

get-caller-file@^2.0.5:
  version "2.0.5"
  resolved "https://registry.npmjs.org/get-caller-file/-/get-caller-file-2.0.5.tgz"
  integrity sha512-DyFP3BM/3YHTQOCUL/w0OZHR0lpKeGrxotcHWcqNEdnltqFwXVfhEBQ94eIo34AfQpo0rGki4cyIiftY06h2Fg==

get-tsconfig@^4.7.5:
  version "4.13.0"
  resolved "https://registry.npmjs.org/get-tsconfig/-/get-tsconfig-4.13.0.tgz"
  integrity sha512-1VKTZJCwBrvbd+Wn3AOgQP/2Av+TfTCOlE4AcRJE72W1ksZXbAx8PPBR9RzgTeSPzlPMHrbANMH3LbltH73wxQ==
  dependencies:
    resolve-pkg-maps "^1.0.0"

gsap@^3.14.2:
  version "3.14.2"
  resolved "https://registry.npmjs.org/gsap/-/gsap-3.14.2.tgz"
  integrity sha512-P8/mMxVLU7o4+55+1TCnQrPmgjPKnwkzkXOK1asnR9Jg2lna4tEY5qBJjMmAaOBDDZWtlRjBXjLa0w53G/uBLA==

has-flag@^4.0.0:
  version "4.0.0"
  resolved "https://registry.npmjs.org/has-flag/-/has-flag-4.0.0.tgz"
  integrity sha512-EykJT/Q1KjTWctppgIAgfSO0tKVuZUjhgMr17kqTumMl6Afv3EISleU7qZUzoXDFTAHTDC4NOoG/ZxU3EvlMPQ==

htm@^3.1.1:
  version "3.1.1"
  resolved "https://registry.npmjs.org/htm/-/htm-3.1.1.tgz"
  integrity sha512-983Vyg8NwUE7JkZ6NmOqpCZ+sh1bKv2iYTlUkzlWmA5JD2acKoxd4KVxbMmxX/85mtfdnDmTFoNKcg5DGAvxNQ==

http-parser-js@>=0.5.1:
  version "0.5.10"
  resolved "https://registry.npmjs.org/http-parser-js/-/http-parser-js-0.5.10.tgz"
  integrity sha512-Pysuw9XpUq5dVc/2SMHpuTY01RFl8fttgcyunjL7eEMhGM3cI4eOmiCycJDVCo/7O7ClfQD3SaI6ftDzqOXYMA==

iceberg-js@^0.8.1:
  version "0.8.1"
  resolved "https://registry.npmjs.org/iceberg-js/-/iceberg-js-0.8.1.tgz"
  integrity sha512-1dhVQZXhcHje7798IVM+xoo/1ZdVfzOMIc8/rgVSijRK38EDqOJoGula9N/8ZI5RD8QTxNQtK/Gozpr+qUqRRA==

idb@7.1.1:
  version "7.1.1"
  resolved "https://registry.npmjs.org/idb/-/idb-7.1.1.tgz"
  integrity sha512-gchesWBzyvGHRO9W8tzUWFDycow5gwjvFKfyV9FF32Y7F50yZMp7mP+T2mJIWFx49zicqyC4uefHM17o6xKIVQ==

is-fullwidth-code-point@^3.0.0:
  version "3.0.0"
  resolved "https://registry.npmjs.org/is-fullwidth-code-point/-/is-fullwidth-code-point-3.0.0.tgz"
  integrity sha512-zymm5+u+sCsSWyD9qNaejV3DFvhCKclKdizYaJUuHA83RLjb7nSuGnddCHGv0hk+KY7BMAlsWeK4Ueg6EV6XQg==

kareem@3.0.0:
  version "3.0.0"
  resolved "https://registry.npmjs.org/kareem/-/kareem-3.0.0.tgz"
  integrity sha512-RKhaOBSPN8L7y4yAgNhDT2602G5FD6QbOIISbjN9D6mjHPeqeg7K+EB5IGSU5o81/X2Gzm3ICnAvQW3x3OP8HA==

lodash.camelcase@^4.3.0:
  version "4.3.0"
  resolved "https://registry.npmjs.org/lodash.camelcase/-/lodash.camelcase-4.3.0.tgz"
  integrity sha512-TwuEnCnxbc3rAvhf/LbG7tJUDzhqXyFnv3dtzLOPgCG/hODL7WFnsbwktkD7yUV0RrreP/l1PALq/YSg6VvjlA==

lodash@^4.17.21:
  version "4.17.21"
  resolved "https://registry.npmjs.org/lodash/-/lodash-4.17.21.tgz"
  integrity sha512-v2kDEe57lecTulaDIuNTPy3Ry4gLGJ6Z1O3vE1krgXZNrsQ+LFTGHVxVjcXPs17LhbZVGedAJv8XZ1tvj5FvSg==

long@^5.0.0:
  version "5.3.2"
  resolved "https://registry.npmjs.org/long/-/long-5.3.2.tgz"
  integrity sha512-mNAgZ1GmyNhD7AuqnTG3/VQ26o760+ZYBPKjPvugO8+nLbYfX6TVpJPseBvopbdY+qpZ/lKUnmEc1LeZYS3QAA==

meilisearch@^0.53.0:
  version "0.53.0"
  resolved "https://registry.npmjs.org/meilisearch/-/meilisearch-0.53.0.tgz"
  integrity sha512-nG4VXbEOSzUmtbfsgOo+t6yX1ECEgXaT4hC0ap9MBpQGK5xwT+NWYDENYsKWR75cVaWaAqva+ok4zHlgtdXlLw==

memory-pager@^1.0.2:
  version "1.5.0"
  resolved "https://registry.npmjs.org/memory-pager/-/memory-pager-1.5.0.tgz"
  integrity sha512-ZS4Bp4r/Zoeq6+NLJpP+0Zzm0pR8whtGPf1XExKLJBAczGMnSi3It14OiNCStjQjM6NU1okjQGSxgEZN8eBYKg==

mongodb-connection-string-url@^7.0.0:
  version "7.0.0"
  resolved "https://registry.npmjs.org/mongodb-connection-string-url/-/mongodb-connection-string-url-7.0.0.tgz"
  integrity sha512-irhhjRVLE20hbkRl4zpAYLnDMM+zIZnp0IDB9akAFFUZp/3XdOfwwddc7y6cNvF2WCEtfTYRwYbIfYa2kVY0og==
  dependencies:
    "@types/whatwg-url" "^13.0.0"
    whatwg-url "^14.1.0"

mongodb@^7.0.0, mongodb@~7.0:
  version "7.0.0"
  resolved "https://registry.npmjs.org/mongodb/-/mongodb-7.0.0.tgz"
  integrity sha512-vG/A5cQrvGGvZm2mTnCSz1LUcbOPl83hfB6bxULKQ8oFZauyox/2xbZOoGNl+64m8VBrETkdGCDBdOsCr3F3jg==
  dependencies:
    "@mongodb-js/saslprep" "^1.3.0"
    bson "^7.0.0"
    mongodb-connection-string-url "^7.0.0"

mongoose@^9.1.5:
  version "9.1.5"
  resolved "https://registry.npmjs.org/mongoose/-/mongoose-9.1.5.tgz"
  integrity sha512-N6gypEO+wLmZp8kCYNQmrEWxVMT0KhyHvVttBZoKA/1ngY7aUsBjqHzCPtDgz+i8JAnqMOiEKmuJIDEQu1b9Dw==
  dependencies:
    kareem "3.0.0"
    mongodb "~7.0"
    mpath "0.9.0"
    mquery "6.0.0"
    ms "2.1.3"
    sift "17.1.3"

motion-dom@^12.29.0:
  version "12.29.0"
  resolved "https://registry.npmjs.org/motion-dom/-/motion-dom-12.29.0.tgz"
  integrity sha512-3eiz9bb32yvY8Q6XNM4AwkSOBPgU//EIKTZwsSWgA9uzbPBhZJeScCVcBuwwYVqhfamewpv7ZNmVKTGp5qnzkA==
  dependencies:
    motion-utils "^12.27.2"

motion-utils@^12.27.2:
  version "12.27.2"
  resolved "https://registry.npmjs.org/motion-utils/-/motion-utils-12.27.2.tgz"
  integrity sha512-B55gcoL85Mcdt2IEStY5EEAsrMSVE2sI14xQ/uAdPL+mfQxhKKFaEag9JmfxedJOR4vZpBGoPeC/Gm13I/4g5Q==

mpath@0.9.0:
  version "0.9.0"
  resolved "https://registry.npmjs.org/mpath/-/mpath-0.9.0.tgz"
  integrity sha512-ikJRQTk8hw5DEoFVxHG1Gn9T/xcjtdnOKIU1JTmGjZZlg9LST2mBLmcX3/ICIbgJydT2GOc15RnNy5mHmzfSew==

mquery@6.0.0:
  version "6.0.0"
  resolved "https://registry.npmjs.org/mquery/-/mquery-6.0.0.tgz"
  integrity sha512-b2KQNsmgtkscfeDgkYMcWGn9vZI9YoXh802VDEwE6qc50zxBFQ0Oo8ROkawbPAsXCY1/Z1yp0MagqsZStPWJjw==

ms@2.1.3:
  version "2.1.3"
  resolved "https://registry.npmjs.org/ms/-/ms-2.1.3.tgz"
  integrity sha512-6FlzubTLZG3J2a/NVCAleEhjzq5oxgHyaCU9yYXvcLsvoVaHJq/s5xXI6/XXP6tz7R9xAOtHnSO/tXtF3WRTlA==

openai@^6.16.0:
  version "6.16.0"
  resolved "https://registry.npmjs.org/openai/-/openai-6.16.0.tgz"
  integrity sha512-fZ1uBqjFUjXzbGc35fFtYKEOxd20kd9fDpFeqWtsOZWiubY8CZ1NAlXHW3iathaFvqmNtCWMIsosCuyeI7Joxg==

papaparse@^5.5.3:
  version "5.5.3"
  resolved "https://registry.npmjs.org/papaparse/-/papaparse-5.5.3.tgz"
  integrity sha512-5QvjGxYVjxO59MGU2lHVYpRWBBtKHnlIAcSe1uNFCkkptUh63NFRj0FJQm7nR67puEruUci/ZkjmEFrjCAyP4A==

path-to-regexp@^6.2.0:
  version "6.3.0"
  resolved "https://registry.npmjs.org/path-to-regexp/-/path-to-regexp-6.3.0.tgz"
  integrity sha512-Yhpw4T9C6hPpgPeA28us07OJeqZ5EzQTkbfwuhsUg0c237RomFoETJgmp2sa3F/41gfLE6G5cqcYwznmeEeOlQ==

protobufjs@^7.2.5:
  version "7.5.4"
  resolved "https://registry.npmjs.org/protobufjs/-/protobufjs-7.5.4.tgz"
  integrity sha512-CvexbZtbov6jW2eXAvLukXjXUW1TzFaivC46BpWc/3BpcCysb5Vffu+B3XHMm8lVEuy2Mm4XGex8hBSg1yapPg==
  dependencies:
    "@protobufjs/aspromise" "^1.1.2"
    "@protobufjs/base64" "^1.1.2"
    "@protobufjs/codegen" "^2.0.4"
    "@protobufjs/eventemitter" "^1.1.0"
    "@protobufjs/fetch" "^1.1.0"
    "@protobufjs/float" "^1.0.2"
    "@protobufjs/inquire" "^1.1.0"
    "@protobufjs/path" "^1.1.2"
    "@protobufjs/pool" "^1.1.0"
    "@protobufjs/utf8" "^1.1.0"
    "@types/node" ">=13.7.0"
    long "^5.0.0"

punycode@^2.3.1:
  version "2.3.1"
  resolved "https://registry.npmjs.org/punycode/-/punycode-2.3.1.tgz"
  integrity sha512-vYt7UD1U9Wg6138shLtLOvdAu+8DsC/ilFtEVHcH+wydcSpNE20AfSOduf6MkRFahL5FY7X1oU7nKVZFtfq8Fg==

"react@^16.8.0 || ^17.0.0 || ^18.0.0 || ^19.0.0", "react@^18.0.0 || ^19.0.0", "react@>= 16 || ^19.0.0-rc":
  version "19.2.3"
  resolved "https://registry.npmjs.org/react/-/react-19.2.3.tgz"
  integrity sha512-Ku/hhYbVjOQnXDZFv2+RibmLFGwFdeeKHFcOTlrt7xplBnya5OGn/hIRDsqDiSUcfORsDC7MPxwork8jBwsIWA==

require-directory@^2.1.1:
  version "2.1.1"
  resolved "https://registry.npmjs.org/require-directory/-/require-directory-2.1.1.tgz"
  integrity sha512-fGxEI7+wsG9xrvdjsrlmL22OMTTiHRwAMroiEeMgq8gzoLC/PQr7RsRDSTLUg/bZAZtF+TVIkHc6/4RIKrui+Q==

resolve-pkg-maps@^1.0.0:
  version "1.0.0"
  resolved "https://registry.npmjs.org/resolve-pkg-maps/-/resolve-pkg-maps-1.0.0.tgz"
  integrity sha512-seS2Tj26TBVOC2NIc2rOe2y2ZO7efxITtLZcGSOnHHNOQ7CkiUBfw0Iw2ck6xkIhPwLhKNLS8BO+hEpngQlqzw==

rxjs@^7.8.1:
  version "7.8.2"
  resolved "https://registry.npmjs.org/rxjs/-/rxjs-7.8.2.tgz"
  integrity sha512-dhKf903U/PQZY6boNNtAGdWbG85WAbjT/1xYoZIC7FAY0yWapOBQVsVrDl58W86//e1VpMNBtRV4MaXfdMySFA==
  dependencies:
    tslib "^2.1.0"

safe-buffer@>=5.1.0:
  version "5.2.1"
  resolved "https://registry.npmjs.org/safe-buffer/-/safe-buffer-5.2.1.tgz"
  integrity sha512-rp3So07KcdmmKbGvgaNxQSJr7bGVSVk5S9Eq1F+ppbRo70+YeaDxkw5Dd8NPN+GD6bjnYm2VuPuCXmpuYvmCXQ==

shell-quote@^1.8.1:
  version "1.8.3"
  resolved "https://registry.npmjs.org/shell-quote/-/shell-quote-1.8.3.tgz"
  integrity sha512-ObmnIF4hXNg1BqhnHmgbDETF8dLPCggZWBjkQfhZpbszZnYur5DUljTcCHii5LC3J5E0yeO/1LIMyH+UvHQgyw==

sift@17.1.3:
  version "17.1.3"
  resolved "https://registry.npmjs.org/sift/-/sift-17.1.3.tgz"
  integrity sha512-Rtlj66/b0ICeFzYTuNvX/EF1igRbbnGSvEyT79McoZa/DeGhMyC5pWKOEsZKnpkqtSeovd5FL/bjHWC3CIIvCQ==

skeleton-elements@^4.0.1:
  version "4.0.1"
  resolved "https://registry.npmjs.org/skeleton-elements/-/skeleton-elements-4.0.1.tgz"
  integrity sha512-T7YSF/Vu/raUcM6v3HiE4VSY/OvrNflg8Dur3Zza6VVJkq4slxm4pJRpGLNhoOfblIPZLQKh1cu7ADKveyqm/Q==

sparse-bitfield@^3.0.3:
  version "3.0.3"
  resolved "https://registry.npmjs.org/sparse-bitfield/-/sparse-bitfield-3.0.3.tgz"
  integrity sha512-kvzhi7vqKTfkh0PZU+2D2PIllw2ymqJKujUcyPMd9Y75Nv4nPbGJZXNhxsgdQab2BmlDct1YnfQCguEvHr7VsQ==
  dependencies:
    memory-pager "^1.0.2"

spawn-command@0.0.2:
  version "0.0.2"
  resolved "https://registry.npmjs.org/spawn-command/-/spawn-command-0.0.2.tgz"
  integrity sha512-zC8zGoGkmc8J9ndvml8Xksr1Amk9qBujgbF0JAIWO7kXr43w0h/0GJNM/Vustixu+YE8N/MTrQ7N31FvHUACxQ==

ssr-window@^4.0.0:
  version "4.0.2"
  resolved "https://registry.npmjs.org/ssr-window/-/ssr-window-4.0.2.tgz"
  integrity sha512-ISv/Ch+ig7SOtw7G2+qkwfVASzazUnvlDTwypdLoPoySv+6MqlOV10VwPSE6EWkGjhW50lUmghPmpYZXMu/+AQ==

ssr-window@^5.0.1:
  version "5.0.1"
  resolved "https://registry.npmjs.org/ssr-window/-/ssr-window-5.0.1.tgz"
  integrity sha512-WVXlhQsm54HC+FnJfEbccEgNF7mKXtnFUB8Xn7rx2dsWHOlBdqezdX88Vjh6pVGaa0ZvL+PoSu7rEcBuNmxt6g==

string-width@^4.1.0, string-width@^4.2.0, string-width@^4.2.3:
  version "4.2.3"
  resolved "https://registry.npmjs.org/string-width/-/string-width-4.2.3.tgz"
  integrity sha512-wKyQRQpjJ0sIp62ErSZdGsjMJWsap5oRNihHhu6G7JVO/9jIB6UyevL+tXuOqrng8j/cxKTWyWUwvSTriiZz/g==
  dependencies:
    emoji-regex "^8.0.0"
    is-fullwidth-code-point "^3.0.0"
    strip-ansi "^6.0.1"

strip-ansi@^6.0.0, strip-ansi@^6.0.1:
  version "6.0.1"
  resolved "https://registry.npmjs.org/strip-ansi/-/strip-ansi-6.0.1.tgz"
  integrity sha512-Y38VPSHcqkFrCpFnQ9vuSXmquuv5oXOKpGeT6aGrr3o3Gc9AlVa6JBfUSOCnbxGGZF+/0ooI7KrPuUSztUdU5A==
  dependencies:
    ansi-regex "^5.0.1"

supports-color@^7.1.0:
  version "7.2.0"
  resolved "https://registry.npmjs.org/supports-color/-/supports-color-7.2.0.tgz"
  integrity sha512-qpCAvRl9stuOHveKsn7HncJRvv501qIacKzQlO/+Lwxc9+0q2wLyv4Dfvt80/DPn2pqOBsJdDiogXGR9+OvwRw==
  dependencies:
    has-flag "^4.0.0"

supports-color@^8.1.1:
  version "8.1.1"
  resolved "https://registry.npmjs.org/supports-color/-/supports-color-8.1.1.tgz"
  integrity sha512-MpUEN2OodtUzxvKQl72cUF7RQ5EiHsGvSsVG0ia9c5RbWGL2CI4C7EpPS8UTBIplnlzZiNuV56w+FuNxy3ty2Q==
  dependencies:
    has-flag "^4.0.0"

swiper@^12.0.3:
  version "12.0.3"
  resolved "https://registry.npmjs.org/swiper/-/swiper-12.0.3.tgz"
  integrity sha512-BHd6U1VPEIksrXlyXjMmRWO0onmdNPaTAFduzqR3pgjvi7KfmUCAm/0cj49u2D7B0zNjMw02TSeXfinC1hDCXg==

tailwind-merge@^3.4.0:
  version "3.4.0"
  resolved "https://registry.npmjs.org/tailwind-merge/-/tailwind-merge-3.4.0.tgz"
  integrity sha512-uSaO4gnW+b3Y2aWoWfFpX62vn2sR3skfhbjsEnaBI81WD1wBLlHZe5sWf0AqjksNdYTbGBEd0UasQMT3SNV15g==

tr46@^5.1.0:
  version "5.1.1"
  resolved "https://registry.npmjs.org/tr46/-/tr46-5.1.1.tgz"
  integrity sha512-hdF5ZgjTqgAntKkklYw0R03MG2x/bSzTtkxmIRw/sTNV8YXsCJ1tfLAX23lhxhHJlEf3CRCOCGGWw3vI3GaSPw==
  dependencies:
    punycode "^2.3.1"

tree-kill@^1.2.2:
  version "1.2.2"
  resolved "https://registry.npmjs.org/tree-kill/-/tree-kill-1.2.2.tgz"
  integrity sha512-L0Orpi8qGpRG//Nd+H90vFB+3iHnue1zSSGmNOOCh1GLJ7rUKVwV2HvijphGQS2UmhUZewS9VgvxYIdgr+fG1A==

tslib@^2.1.0, tslib@^2.4.0, tslib@2.8.1:
  version "2.8.1"
  resolved "https://registry.npmjs.org/tslib/-/tslib-2.8.1.tgz"
  integrity sha512-oJFu94HQb+KVduSUQL7wnpmqnfmLsOA/nAh6b6EH0wCEoK0/mPeXU6c3wKDV83MkOuHPRHtSXKKU99IBazS/2w==

tsx@^4.21.0:
  version "4.21.0"
  resolved "https://registry.npmjs.org/tsx/-/tsx-4.21.0.tgz"
  integrity sha512-5C1sg4USs1lfG0GFb2RLXsdpXqBSEhAaA/0kPL01wxzpMqLILNxIxIOKiILz+cdg/pLnOUxFYOR5yhHU666wbw==
  dependencies:
    esbuild "~0.27.0"
    get-tsconfig "^4.7.5"
  optionalDependencies:
    fsevents "~2.3.3"

undici-types@~7.16.0:
  version "7.16.0"
  resolved "https://registry.npmjs.org/undici-types/-/undici-types-7.16.0.tgz"
  integrity sha512-Zz+aZWSj8LE6zoxD+xrjh4VfkIG8Ya6LvYkZqtUQGJPZjYl53ypCaUwWqo7eI0x66KBGeRo+mlBEkMSeSZ38Nw==

web-vitals@^4.2.4:
  version "4.2.4"
  resolved "https://registry.npmjs.org/web-vitals/-/web-vitals-4.2.4.tgz"
  integrity sha512-r4DIlprAGwJ7YM11VZp4R884m0Vmgr6EAKe3P+kO0PPj3Unqyvv59rczf6UiGcb9Z8QxZVcqKNwv/g0WNdWwsw==

webidl-conversions@^7.0.0:
  version "7.0.0"
  resolved "https://registry.npmjs.org/webidl-conversions/-/webidl-conversions-7.0.0.tgz"
  integrity sha512-VwddBukDzu71offAQR975unBIGqfKZpM+8ZX6ySk8nYhVoo5CYaZyzt3YBvYtRtO+aoGlqxPg/B87NGVZ/fu6g==

websocket-driver@>=0.5.1:
  version "0.7.4"
  resolved "https://registry.npmjs.org/websocket-driver/-/websocket-driver-0.7.4.tgz"
  integrity sha512-b17KeDIQVjvb0ssuSDF2cYXSg2iztliJ4B9WdsuB6J952qCPKmnVq4DyW5motImXHDC1cBT/1UezrJVsKw5zjg==
  dependencies:
    http-parser-js ">=0.5.1"
    safe-buffer ">=5.1.0"
    websocket-extensions ">=0.1.1"

websocket-extensions@>=0.1.1:
  version "0.1.4"
  resolved "https://registry.npmjs.org/websocket-extensions/-/websocket-extensions-0.1.4.tgz"
  integrity sha512-OqedPIGOfsDlo31UNwYbCFMSaO9m9G/0faIHj5/dZFDMFqPTcx6UwqyOy3COEaEOg/9VsGIpdqn62W5KhoKSpg==

whatwg-url@^14.1.0:
  version "14.2.0"
  resolved "https://registry.npmjs.org/whatwg-url/-/whatwg-url-14.2.0.tgz"
  integrity sha512-De72GdQZzNTUBBChsXueQUnPKDkg/5A5zp7pFDuQAj5UFoENpiACU0wlCvzpAGnTkj++ihpKwKyYewn/XNUbKw==
  dependencies:
    tr46 "^5.1.0"
    webidl-conversions "^7.0.0"

wrap-ansi@^7.0.0:
  version "7.0.0"
  resolved "https://registry.npmjs.org/wrap-ansi/-/wrap-ansi-7.0.0.tgz"
  integrity sha512-YVGIj2kamLSTxw6NsZjoBxfSwsn0ycdesmc4p+Q21c5zPuZ1pl+NfxVdxPtdHvmNVOQ6XSYG4AUtyt/Fi7D16Q==
  dependencies:
    ansi-styles "^4.0.0"
    string-width "^4.1.0"
    strip-ansi "^6.0.0"

ws@^8.18.0, ws@^8.18.2:
  version "8.19.0"
  resolved "https://registry.npmjs.org/ws/-/ws-8.19.0.tgz"
  integrity sha512-blAT2mjOEIi0ZzruJfIhb3nps74PRWTCz1IjglWEEpQl5XS/UNama6u2/rjFkDDouqr4L67ry+1aGIALViWjDg==

y18n@^5.0.5:
  version "5.0.8"
  resolved "https://registry.npmjs.org/y18n/-/y18n-5.0.8.tgz"
  integrity sha512-0pfFzegeDWJHJIAmTLRP2DwHjdF5s7jo9tuztdQxAhINCdvS+3nGINqPd00AphqJR/0LhANUS6/+7SCb98YOfA==

yargs-parser@^21.1.1:
  version "21.1.1"
  resolved "https://registry.npmjs.org/yargs-parser/-/yargs-parser-21.1.1.tgz"
  integrity sha512-tVpsJW7DdjecAiFpbIB1e3qxIQsE6NoPc5/eTdrbbIC4h0LVsWhnoa3g+m2HclBIujHzsxZ4VJVA+GUuc2/LBw==

yargs@^17.7.2:
  version "17.7.2"
  resolved "https://registry.npmjs.org/yargs/-/yargs-17.7.2.tgz"
  integrity sha512-7dSzzRQ++CKnNI/krKnYRV7JKKPUXMEh61soaHKg9mrWEhzFWhFnxPxGl+69cD1Ou63C13NUPCnmIcrvqCuM6w==
  dependencies:
    cliui "^8.0.1"
    escalade "^3.1.1"
    get-caller-file "^2.0.5"
    require-directory "^2.1.1"
    string-width "^4.2.3"
    y18n "^5.0.5"
    yargs-parser "^21.1.1"
